
Microsoft Visual Studio Solution File, Format Version 12.00
# Visual Studio Version 17
VisualStudioVersion = 17.11.35303.130
MinimumVisualStudioVersion = 10.0.40219.1
Project("{9A19103F-16F7-4668-BE54-9A1E7A4F7556}") = "FormApiBackend", "FormApiBackend.csproj", "{B42423A4-1113-454D-AD8D-4A0BCB113148}"
EndProject
Global
	GlobalSection(SolutionConfigurationPlatforms) = preSolution
		Debug|Any CPU = Debug|Any CPU
		Release|Any CPU = Release|Any CPU
	EndGlobalSection
	GlobalSection(ProjectConfigurationPlatforms) = postSolution
		{B42423A4-1113-454D-AD8D-4A0BCB113148}.Debug|Any CPU.ActiveCfg = Debug|Any CPU
		{B42423A4-1113-454D-AD8D-4A0BCB113148}.Debug|Any CPU.Build.0 = Debug|Any CPU
		{B42423A4-1113-454D-AD8D-4A0BCB113148}.Release|Any CPU.ActiveCfg = Release|Any CPU
		{B42423A4-1113-454D-AD8D-4A0BCB113148}.Release|Any CPU.Build.0 = Release|Any CPU
	EndGlobalSection
	GlobalSection(SolutionProperties) = preSolution
		HideSolutionNode = FALSE
	EndGlobalSection
	GlobalSection(ExtensibilityGlobals) = postSolution
		SolutionGuid = {EBE164DB-0F08-4496-AAC0-D1FBC14789B2}
	EndGlobalSection
EndGlobal
